
Microsoft Visual Studio Solution File, Format Version 12.00
# Visual Studio 15
VisualStudioVersion = 15.0.27703.2042
MinimumVisualStudioVersion = 10.0.40219.1
Project("{FAE04EC0-301F-11D3-BF4B-00C04F79EFBC}") = "Airport", "Airport\Airport.csproj", "{BB953B64-1C77-45DA-AA70-F291D842F082}"
EndProject
Project("{FAE04EC0-301F-11D3-BF4B-00C04F79EFBC}") = "Airport.Repository", "Airport.Repository\Airport.Repository.csproj", "{A6161252-7553-405E-8A11-F5CA48E46ABB}"
EndProject
Project("{FAE04EC0-301F-11D3-BF4B-00C04F79EFBC}") = "Airport.Services", "Airport.Service\Airport.Services.csproj", "{DC71E14E-994D-4A05-808A-C20010F00CC4}"
EndProject
Project("{FAE04EC0-301F-11D3-BF4B-00C04F79EFBC}") = "Shared", "Shared\Shared.csproj", "{B66CC823-1DC5-4E01-AFC1-E612C13A41F7}"
EndProject
Global
	GlobalSection(SolutionConfigurationPlatforms) = preSolution
		Debug|Any CPU = Debug|Any CPU
		Release|Any CPU = Release|Any CPU
	EndGlobalSection
	GlobalSection(ProjectConfigurationPlatforms) = postSolution
		{BB953B64-1C77-45DA-AA70-F291D842F082}.Debug|Any CPU.ActiveCfg = Debug|Any CPU
		{BB953B64-1C77-45DA-AA70-F291D842F082}.Debug|Any CPU.Build.0 = Debug|Any CPU
		{BB953B64-1C77-45DA-AA70-F291D842F082}.Release|Any CPU.ActiveCfg = Release|Any CPU
		{BB953B64-1C77-45DA-AA70-F291D842F082}.Release|Any CPU.Build.0 = Release|Any CPU
		{A6161252-7553-405E-8A11-F5CA48E46ABB}.Debug|Any CPU.ActiveCfg = Debug|Any CPU
		{A6161252-7553-405E-8A11-F5CA48E46ABB}.Debug|Any CPU.Build.0 = Debug|Any CPU
		{A6161252-7553-405E-8A11-F5CA48E46ABB}.Release|Any CPU.ActiveCfg = Release|Any CPU
		{A6161252-7553-405E-8A11-F5CA48E46ABB}.Release|Any CPU.Build.0 = Release|Any CPU
		{DC71E14E-994D-4A05-808A-C20010F00CC4}.Debug|Any CPU.ActiveCfg = Debug|Any CPU
		{DC71E14E-994D-4A05-808A-C20010F00CC4}.Debug|Any CPU.Build.0 = Debug|Any CPU
		{DC71E14E-994D-4A05-808A-C20010F00CC4}.Release|Any CPU.ActiveCfg = Release|Any CPU
		{DC71E14E-994D-4A05-808A-C20010F00CC4}.Release|Any CPU.Build.0 = Release|Any CPU
		{B66CC823-1DC5-4E01-AFC1-E612C13A41F7}.Debug|Any CPU.ActiveCfg = Debug|Any CPU
		{B66CC823-1DC5-4E01-AFC1-E612C13A41F7}.Debug|Any CPU.Build.0 = Debug|Any CPU
		{B66CC823-1DC5-4E01-AFC1-E612C13A41F7}.Release|Any CPU.ActiveCfg = Release|Any CPU
		{B66CC823-1DC5-4E01-AFC1-E612C13A41F7}.Release|Any CPU.Build.0 = Release|Any CPU
	EndGlobalSection
	GlobalSection(SolutionProperties) = preSolution
		HideSolutionNode = FALSE
	EndGlobalSection
	GlobalSection(ExtensibilityGlobals) = postSolution
		SolutionGuid = {630F8C1D-D7B9-4BDF-85D1-AF2791A1CC31}
	EndGlobalSection
EndGlobal
